github.com/bahlo/generic-list-go v0.2.0 h1:5sz/EEAK+ls5wF+NeqDpk5+iNdMDXrh3z3nPnH1Wvgk=
github.com/bahlo/generic-list-go v0.2.0/go.mod h1:2KvAjgMlE5NNynlg/5iLrrCCZ2+5xWbdbCW3pNTGyYg=
github.com/buger/jsonparser v1.2.0 h1:4EFcvK1kD4jyj6YqNK6skK6w+y7FHHBR+XBCtxwu/6g=
github.com/buger/jsonparser v1.2.0/go.mod h1:6RYKKt7H4d4+iWqouImQ9R2FZql3VbhNgx27UK13J/0=
github.com/davecgh/go-spew v1.1.2-0.20180830191138-d8f796af33cc h1:U9qPSI2PIWSS1VwoXQT9A3Wy9MM3WgvqSxFWenqJduM=
github.com/davecgh/go-spew v1.1.2-0.20180830191138-d8f796af33cc/go.mod h1:J7Y8YcW2NihsgmVo/mv3lAwl/skON4iLHjSsI+c5H38=
github.com/fluxplane/fluxplane-auth v0.5.0 h1:5rmwMqQFQP3EePCkv79y/tPsuJM8MiMVj2zzGDwOOt0=
github.com/fluxplane/fluxplane-auth v0.5.0/go.mod h1:4b0DMimh8qzfGFfJQWycFvKFiwQ7IDn4KKMETmXZr3E=
github.com/fluxplane/fluxplane-context v0.1.0 h1:/KtYRqPcgWmhoDlXnCqtRDsEn6i6EnTdw2vS8NU2wQo=
github.com/fluxplane/fluxplane-context v0.1.0/go.mod h1:YW9BsK+djRIsBNXebUUEd5Pg5FPYvWzASMVBimTiHTQ=
github.com/fluxplane/fluxplane-datasource v0.2.0 h1:z2/58AgqPSqHJAiNi3uNKsVhXgEyFTu1EaECTK/OEMg=
github.com/fluxplane/fluxplane-datasource v0.2.0/go.mod h1:bBFUhZZ9ERD2k6efNF+HtUlbR+Cy6k5xbwzKkgF7q3g=
github.com/fluxplane/fluxplane-endpoint v0.3.0 h1:LFY0Th66prnxmS4pgZAyXk9KCsPL8AzG8Ie2G8hgqRo=
github.com/fluxplane/fluxplane-endpoint v0.3.0/go.mod h1:YxEuZNTy8NfitF6foM1AwjYTZoP5MhSuzoCKbs+Nq2Y=
github.com/fluxplane/fluxplane-event v0.1.0 h1:0SAx3OpuixskvESUzaCx97kZz2wqodrDmukrCN2wX0Y=
github.com/fluxplane/fluxplane-event v0.1.0/go.mod h1:CYcx/cf6JBZ4nuo/1SBDVEQk+hz55yXlaU3paegSS+o=
github.com/fluxplane/fluxplane-evidence v0.1.0 h1:8aRwuGBEUh651VO3g3V+Uu/GwLb8hK4xYw2a83pFWKk=
github.com/fluxplane/fluxplane-evidence v0.1.0/go.mod h1:QEfiJqSaToePh98xpzeZUiV7eqBwVzoYxFkndoCxhmA=
github.com/fluxplane/fluxplane-operation v0.2.0 h1:7FB8JWZJOKgEiaTPBzzirNVQe2xVpZZ2aTyrGv/SEdA=
github.com/fluxplane/fluxplane-operation v0.2.0/go.mod h1:6olgIlsHg3GxmoDqB64zme4BDmbsTR+V7pSAK4F0eO0=
github.com/fluxplane/fluxplane-plugin v0.15.0 h1:xV763YARN6X6E+UARCui04r0soD/083xvqtQnl6edEg=
github.com/fluxplane/fluxplane-plugin v0.15.0/go.mod h1:NuFzDYH97iEuAs99qNdXXSHWbDuZQZkC//SwUIPOrRk=
github.com/fluxplane/fluxplane-policy v0.2.0 h1:q1qxqR5XzjxemRMxu7Y1GmZgMAf+YFm5Vcnbxpjj7RU=
github.com/fluxplane/fluxplane-policy v0.2.0/go.mod h1:elG/jPzZtX1j7GaFewjpc2tiD8LJMW1lVTxZUPQPDsc=
github.com/fluxplane/fluxplane-secret v0.2.0 h1:/EzUoR2NysaV7iW70FeROGIcI/HG+SXFR4HD3U8Xqnc=
github.com/fluxplane/fluxplane-secret v0.2.0/go.mod h1:XkWhjAtAy2a05s71Yx1VAy+KrbDr8kuPHc1Fp1rl1IU=
github.com/invopop/jsonschema v0.14.0 h1:MHQqLhvpNUZfw+hM3AZDYK7jxO8FZoQeQM77g8iyZjg=
github.com/invopop/jsonschema v0.14.0/go.mod h1:ygm6C2EaVNMBDPpaPlnOA2pFAxBnxGjFlMZABxm9n2I=
github.com/pb33f/ordered-map/v2 v2.3.1 h1:5319HDO0aw4DA4gzi+zv4FXU9UlSs3xGZ40wcP1nBjY=
github.com/pb33f/ordered-map/v2 v2.3.1/go.mod h1:qxFQgd0PkVUtOMCkTapqotNgzRhMPL7VvaHKbd1HnmQ=
github.com/pmezard/go-difflib v1.0.1-0.20181226105442-5d4384ee4fb2 h1:Jamvg5psRIccs7FGNTlIRMkT8wgtp5eCXdBlqhYGL6U=
github.com/pmezard/go-difflib v1.0.1-0.20181226105442-5d4384ee4fb2/go.mod h1:iKH77koFhYxTK1pcRnkKkqfTogsbg7gZNVY4sRDYZ/4=
github.com/stretchr/testify v1.11.1 h1:7s2iGBzp5EwR7/aIZr8ao5+dra3wiQyKjjFuvgVKu7U=
github.com/stretchr/testify v1.11.1/go.mod h1:wZwfW3scLgRK+23gO65QZefKpKQRnfz6sD981Nm4B6U=
go.yaml.in/yaml/v4 v4.0.0-rc.4 h1:UP4+v6fFrBIb1l934bDl//mmnoIZEDK0idg1+AIvX5U=
go.yaml.in/yaml/v4 v4.0.0-rc.4/go.mod h1:aZqd9kCMsGL7AuUv/m/PvWLdg5sjJsZ4oHDEnfPPfY0=
gopkg.in/yaml.v3 v3.0.1 h1:fxVm/GzAzEWqLHuvctI91KS9hhNmmWOoWu0XTYJS7CA=
gopkg.in/yaml.v3 v3.0.1/go.mod h1:K4uyk7z7BCEPqu6E+C64Yfv1cQ7kz7rIZviUmN+EgEM=
