github.com/aws/aws-sdk-go-v2 v1.42.0 h1:XvXMJTkFQtpBKIWZnmr9ZEOc2InWM2yldjXEJ/bymhA=
github.com/aws/aws-sdk-go-v2 v1.42.0/go.mod h1:27+ACypSLljLAEKsCYOmrjKh83vuTRkuAe9Uv/3A4bg=
github.com/aws/aws-sdk-go-v2/aws/protocol/eventstream v1.7.13 h1:p1BBrg/Hhp6uK7zpejeI8QFXHJeC/mynzi04Sl03k9g=
github.com/aws/aws-sdk-go-v2/aws/protocol/eventstream v1.7.13/go.mod h1:8cIfkE9MDhkRZGpQ22aV6/lkYeYSozpz16Smrs5x4Ls=
github.com/aws/aws-sdk-go-v2/credentials v1.19.23 h1:Zhu3GOpRCkNjtE/gJpuPDsytSnaCCTQk8neAGsgzG5Y=
github.com/aws/aws-sdk-go-v2/credentials v1.19.23/go.mod h1:VsJF2ropPB37gDr7M2rLSpCE8IQWdpl62uae7qxZmqU=
github.com/aws/aws-sdk-go-v2/internal/configsources v1.4.29 h1:f3vKqSo13fhTYb+JEcXwXefZQE26I1FB5eTSniU67ko=
github.com/aws/aws-sdk-go-v2/internal/configsources v1.4.29/go.mod h1:MzoLFUArKGpGD+ukmPiTPG1X5x4o6M2kq4v2dr1FiEc=
github.com/aws/aws-sdk-go-v2/internal/endpoints/v2 v2.7.29 h1:RdwIf/CuUsvJX3RgJagbOyotl/cxoLY4xviKuE7p2GY=
github.com/aws/aws-sdk-go-v2/internal/endpoints/v2 v2.7.29/go.mod h1:71wt8W2EgswdZy9Mf9KNnzxZ3TiZlv4caKghPktDOkA=
github.com/aws/aws-sdk-go-v2/internal/v4a v1.4.30 h1:VTGy885W5DKBxWRUJbym9hytNaYzsyaPkCHGRRMAOhU=
github.com/aws/aws-sdk-go-v2/internal/v4a v1.4.30/go.mod h1:AS0HycUvJRFvTt613AYDOgO2jzw+00cVSMny8XB3yMY=
github.com/aws/aws-sdk-go-v2/service/cloudwatch v1.59.0 h1:JOrwHweL6IzRjbDxdjup2YI2QjWa8/h0PGexR8MZpKw=
github.com/aws/aws-sdk-go-v2/service/cloudwatch v1.59.0/go.mod h1:tsfAcBcMTF2G9UirQTP1In3DrkNO16SyUU527NPLPhs=
github.com/aws/aws-sdk-go-v2/service/cloudwatchlogs v1.75.2 h1:qXso3xK+5GmfBq8n/ymjJB12kHkO3Yhy9+8cIHlw6J4=
github.com/aws/aws-sdk-go-v2/service/cloudwatchlogs v1.75.2/go.mod h1:N336OxQ6TvRbb6V1esVE8PtQFU86YvYaS+lVjsJTmP0=
github.com/aws/aws-sdk-go-v2/service/ec2 v1.306.0 h1:MdNRtLgswTHRjzoAvJ9411VWI0s01mC7sWRfOSh166E=
github.com/aws/aws-sdk-go-v2/service/ec2 v1.306.0/go.mod h1:8mrDF7OtbuL0QpwP4YCvLuoOE4/5lL7D33MXgp069/Y=
github.com/aws/aws-sdk-go-v2/service/eks v1.84.6 h1:RSCziGPe92ZoBreWKOJsLhK45Nx7+2b2y8hNbOUvHLQ=
github.com/aws/aws-sdk-go-v2/service/eks v1.84.6/go.mod h1:rbIASs+SfCDUXx2EdfMkNpDGptlW8hvMZ9AawRiUBqE=
github.com/aws/aws-sdk-go-v2/service/internal/accept-encoding v1.13.12 h1:ZD2+BSw9vFsNlKYIasSNt3uDbjqqXIBcM13UJv/Lx2k=
github.com/aws/aws-sdk-go-v2/service/internal/accept-encoding v1.13.12/go.mod h1:Ms4zlcVBbXbiP7EVLhl+lgjvA/a7YphqQ3Ih3174EmI=
github.com/aws/aws-sdk-go-v2/service/internal/checksum v1.9.22 h1:V51LGlOq/1VsDsHUdoklAQi7rMmx4qQubvFYAlP2254=
github.com/aws/aws-sdk-go-v2/service/internal/checksum v1.9.22/go.mod h1:4Pzhyz8hJOm2bepgl+NjvRx8vlUFAIIvJnZ/MkcNPpU=
github.com/aws/aws-sdk-go-v2/service/internal/presigned-url v1.13.29 h1:DRebniUGZ2MqiiIVmQJ04vIXr918hubdHMnarSLEWyU=
github.com/aws/aws-sdk-go-v2/service/internal/presigned-url v1.13.29/go.mod h1:LfRkPCD8YHDM2E5eTkos2UpwYeZnBcVarTa8L59bJHA=
github.com/aws/aws-sdk-go-v2/service/internal/s3shared v1.19.29 h1:hiME6pBzC7OTl9LMtlyTWBuEl1f4QBcUmFDKC7MLXtc=
github.com/aws/aws-sdk-go-v2/service/internal/s3shared v1.19.29/go.mod h1:G7RP+uhagpKtKhd1BM9N6JQqjCcGEU47K5lBVZQyRQw=
github.com/aws/aws-sdk-go-v2/service/rds v1.119.2 h1:sqAj/4zLlTTqSgvzbRWbYKgaT/IyGVXtwJZKoWcgBdM=
github.com/aws/aws-sdk-go-v2/service/rds v1.119.2/go.mod h1:zCRPUdp05FEZG3OO7LmJq9xkSDjMEhkiVrZV0oJs2a0=
github.com/aws/aws-sdk-go-v2/service/s3 v1.103.3 h1:JRseEu/vIDMaWis4bSw0QbXL+cvIGc1XnX076H5ZXLE=
github.com/aws/aws-sdk-go-v2/service/s3 v1.103.3/go.mod h1:77ZAgynvx1txMvDG8gGWoWkO1augYDxkp9JElWFgjQU=
github.com/aws/aws-sdk-go-v2/service/sts v1.43.3 h1:VrIhKRCSK1umelSgB9RghvA9RTUYeQffyAS5ApXehNI=
github.com/aws/aws-sdk-go-v2/service/sts v1.43.3/go.mod h1:r8wkDOuLaaMFqFiYAb8dGY2A3gJCOujMc6CFOVC4Zhc=
github.com/aws/smithy-go v1.27.1 h1:4T340VFndXtADGF52gYa1POyL7s9E4Z1OeZ1hCscIw8=
github.com/aws/smithy-go v1.27.1/go.mod h1:YE2RhdIuDbA5E5bTdciG9KrW3+TiEONeUWCqxX9i1Fc=
github.com/bahlo/generic-list-go v0.2.0 h1:5sz/EEAK+ls5wF+NeqDpk5+iNdMDXrh3z3nPnH1Wvgk=
github.com/bahlo/generic-list-go v0.2.0/go.mod h1:2KvAjgMlE5NNynlg/5iLrrCCZ2+5xWbdbCW3pNTGyYg=
github.com/buger/jsonparser v1.2.0 h1:4EFcvK1kD4jyj6YqNK6skK6w+y7FHHBR+XBCtxwu/6g=
github.com/buger/jsonparser v1.2.0/go.mod h1:6RYKKt7H4d4+iWqouImQ9R2FZql3VbhNgx27UK13J/0=
github.com/davecgh/go-spew v1.1.2-0.20180830191138-d8f796af33cc h1:U9qPSI2PIWSS1VwoXQT9A3Wy9MM3WgvqSxFWenqJduM=
github.com/davecgh/go-spew v1.1.2-0.20180830191138-d8f796af33cc/go.mod h1:J7Y8YcW2NihsgmVo/mv3lAwl/skON4iLHjSsI+c5H38=
github.com/fluxplane/fluxplane-auth v0.5.0 h1:5rmwMqQFQP3EePCkv79y/tPsuJM8MiMVj2zzGDwOOt0=
github.com/fluxplane/fluxplane-auth v0.5.0/go.mod h1:4b0DMimh8qzfGFfJQWycFvKFiwQ7IDn4KKMETmXZr3E=
github.com/fluxplane/fluxplane-context v0.1.0 h1:/KtYRqPcgWmhoDlXnCqtRDsEn6i6EnTdw2vS8NU2wQo=
github.com/fluxplane/fluxplane-context v0.1.0/go.mod h1:YW9BsK+djRIsBNXebUUEd5Pg5FPYvWzASMVBimTiHTQ=
github.com/fluxplane/fluxplane-datasource v0.2.0 h1:z2/58AgqPSqHJAiNi3uNKsVhXgEyFTu1EaECTK/OEMg=
github.com/fluxplane/fluxplane-datasource v0.2.0/go.mod h1:bBFUhZZ9ERD2k6efNF+HtUlbR+Cy6k5xbwzKkgF7q3g=
github.com/fluxplane/fluxplane-endpoint v0.3.0 h1:LFY0Th66prnxmS4pgZAyXk9KCsPL8AzG8Ie2G8hgqRo=
github.com/fluxplane/fluxplane-endpoint v0.3.0/go.mod h1:YxEuZNTy8NfitF6foM1AwjYTZoP5MhSuzoCKbs+Nq2Y=
github.com/fluxplane/fluxplane-event v0.1.0 h1:0SAx3OpuixskvESUzaCx97kZz2wqodrDmukrCN2wX0Y=
github.com/fluxplane/fluxplane-event v0.1.0/go.mod h1:CYcx/cf6JBZ4nuo/1SBDVEQk+hz55yXlaU3paegSS+o=
github.com/fluxplane/fluxplane-evidence v0.1.0 h1:8aRwuGBEUh651VO3g3V+Uu/GwLb8hK4xYw2a83pFWKk=
github.com/fluxplane/fluxplane-evidence v0.1.0/go.mod h1:QEfiJqSaToePh98xpzeZUiV7eqBwVzoYxFkndoCxhmA=
github.com/fluxplane/fluxplane-operation v0.2.0 h1:7FB8JWZJOKgEiaTPBzzirNVQe2xVpZZ2aTyrGv/SEdA=
github.com/fluxplane/fluxplane-operation v0.2.0/go.mod h1:6olgIlsHg3GxmoDqB64zme4BDmbsTR+V7pSAK4F0eO0=
github.com/fluxplane/fluxplane-plugin v0.11.1 h1:ZFkSV+nGkRJGuPLJocsJBcpmvG07dNCNB+WE7sgt5Oc=
github.com/fluxplane/fluxplane-plugin v0.11.1/go.mod h1:NuFzDYH97iEuAs99qNdXXSHWbDuZQZkC//SwUIPOrRk=
github.com/fluxplane/fluxplane-policy v0.2.0 h1:q1qxqR5XzjxemRMxu7Y1GmZgMAf+YFm5Vcnbxpjj7RU=
github.com/fluxplane/fluxplane-policy v0.2.0/go.mod h1:elG/jPzZtX1j7GaFewjpc2tiD8LJMW1lVTxZUPQPDsc=
github.com/fluxplane/fluxplane-secret v0.2.0 h1:/EzUoR2NysaV7iW70FeROGIcI/HG+SXFR4HD3U8Xqnc=
github.com/fluxplane/fluxplane-secret v0.2.0/go.mod h1:XkWhjAtAy2a05s71Yx1VAy+KrbDr8kuPHc1Fp1rl1IU=
github.com/invopop/jsonschema v0.14.0 h1:MHQqLhvpNUZfw+hM3AZDYK7jxO8FZoQeQM77g8iyZjg=
github.com/invopop/jsonschema v0.14.0/go.mod h1:ygm6C2EaVNMBDPpaPlnOA2pFAxBnxGjFlMZABxm9n2I=
github.com/pb33f/ordered-map/v2 v2.3.1 h1:5319HDO0aw4DA4gzi+zv4FXU9UlSs3xGZ40wcP1nBjY=
github.com/pb33f/ordered-map/v2 v2.3.1/go.mod h1:qxFQgd0PkVUtOMCkTapqotNgzRhMPL7VvaHKbd1HnmQ=
github.com/pmezard/go-difflib v1.0.1-0.20181226105442-5d4384ee4fb2 h1:Jamvg5psRIccs7FGNTlIRMkT8wgtp5eCXdBlqhYGL6U=
github.com/pmezard/go-difflib v1.0.1-0.20181226105442-5d4384ee4fb2/go.mod h1:iKH77koFhYxTK1pcRnkKkqfTogsbg7gZNVY4sRDYZ/4=
github.com/stretchr/testify v1.11.1 h1:7s2iGBzp5EwR7/aIZr8ao5+dra3wiQyKjjFuvgVKu7U=
github.com/stretchr/testify v1.11.1/go.mod h1:wZwfW3scLgRK+23gO65QZefKpKQRnfz6sD981Nm4B6U=
go.yaml.in/yaml/v4 v4.0.0-rc.4 h1:UP4+v6fFrBIb1l934bDl//mmnoIZEDK0idg1+AIvX5U=
go.yaml.in/yaml/v4 v4.0.0-rc.4/go.mod h1:aZqd9kCMsGL7AuUv/m/PvWLdg5sjJsZ4oHDEnfPPfY0=
gopkg.in/yaml.v3 v3.0.1 h1:fxVm/GzAzEWqLHuvctI91KS9hhNmmWOoWu0XTYJS7CA=
gopkg.in/yaml.v3 v3.0.1/go.mod h1:K4uyk7z7BCEPqu6E+C64Yfv1cQ7kz7rIZviUmN+EgEM=
